
Microsoft Visual Studio Solution File, Format Version 12.00
# Visual Studio Version 17
VisualStudioVersion = 17.14.36109.1 d17.14
MinimumVisualStudioVersion = 10.0.40219.1
Project("{FAE04EC0-301F-11D3-BF4B-00C04F79EFBC}") = "test", "test\test.csproj", "{A90663C7-D0E7-41C1-A981-DA3FE9385DCF}"
EndProject
Global
	GlobalSection(SolutionConfigurationPlatforms) = preSolution
		Debug|Any CPU = Debug|Any CPU
		Release|Any CPU = Release|Any CPU
	EndGlobalSection
	GlobalSection(ProjectConfigurationPlatforms) = postSolution
		{A90663C7-D0E7-41C1-A981-DA3FE9385DCF}.Debug|Any CPU.ActiveCfg = Debug|Any CPU
		{A90663C7-D0E7-41C1-A981-DA3FE9385DCF}.Debug|Any CPU.Build.0 = Debug|Any CPU
		{A90663C7-D0E7-41C1-A981-DA3FE9385DCF}.Release|Any CPU.ActiveCfg = Release|Any CPU
		{A90663C7-D0E7-41C1-A981-DA3FE9385DCF}.Release|Any CPU.Build.0 = Release|Any CPU
	EndGlobalSection
	GlobalSection(SolutionProperties) = preSolution
		HideSolutionNode = FALSE
	EndGlobalSection
	GlobalSection(ExtensibilityGlobals) = postSolution
		SolutionGuid = {431BF23F-FE29-4E6F-A779-62D121BDDA6F}
	EndGlobalSection
EndGlobal
